
Microsoft Visual Studio Solution File, Format Version 11.00
# Visual Studio 2010
Project("{F184B08F-C81C-45F6-A57F-5ABD9991F28F}") = "BKFactoryService", "BKFactoryService\BKFactoryService.vbproj", "{CC396FC5-FBA6-459E-97EC-4F592FBFE8E2}"
EndProject
Global
	GlobalSection(TeamFoundationVersionControl) = preSolution
		SccNumberOfProjects = 2
		SccEnterpriseProvider = {4CA58AB2-18FA-4F8D-95D4-32DDF27D184C}
		SccTeamFoundationServer = http://foundation2008:8080/
		SccLocalPath0 = .
		SccProjectUniqueName1 = BKFactoryService\\BKFactoryService.vbproj
		SccProjectName1 = BKFactoryService
		SccLocalPath1 = BKFactoryService
	EndGlobalSection
	GlobalSection(SolutionConfigurationPlatforms) = preSolution
		Debug|Any CPU = Debug|Any CPU
		Release|Any CPU = Release|Any CPU
	EndGlobalSection
	GlobalSection(ProjectConfigurationPlatforms) = postSolution
		{CC396FC5-FBA6-459E-97EC-4F592FBFE8E2}.Debug|Any CPU.ActiveCfg = Debug|Any CPU
		{CC396FC5-FBA6-459E-97EC-4F592FBFE8E2}.Debug|Any CPU.Build.0 = Debug|Any CPU
		{CC396FC5-FBA6-459E-97EC-4F592FBFE8E2}.Release|Any CPU.ActiveCfg = Release|Any CPU
		{CC396FC5-FBA6-459E-97EC-4F592FBFE8E2}.Release|Any CPU.Build.0 = Release|Any CPU
	EndGlobalSection
	GlobalSection(SolutionProperties) = preSolution
		HideSolutionNode = FALSE
	EndGlobalSection
EndGlobal
